
Microsoft Visual Studio Solution File, Format Version 12.00
# Visual Studio Version 17
VisualStudioVersion = 17.13.35931.197 d17.13
MinimumVisualStudioVersion = 10.0.40219.1
Project("{FAE04EC0-301F-11D3-BF4B-00C04F79EFBC}") = "Banking_Application", "Banking_Application\Banking_Application.csproj", "{DFA8CF78-E5D7-4D6F-A1BD-22221798D815}"
EndProject
Global
	GlobalSection(SolutionConfigurationPlatforms) = preSolution
		Debug|Any CPU = Debug|Any CPU
		Release|Any CPU = Release|Any CPU
	EndGlobalSection
	GlobalSection(ProjectConfigurationPlatforms) = postSolution
		{DFA8CF78-E5D7-4D6F-A1BD-22221798D815}.Debug|Any CPU.ActiveCfg = Debug|Any CPU
		{DFA8CF78-E5D7-4D6F-A1BD-22221798D815}.Debug|Any CPU.Build.0 = Debug|Any CPU
		{DFA8CF78-E5D7-4D6F-A1BD-22221798D815}.Release|Any CPU.ActiveCfg = Release|Any CPU
		{DFA8CF78-E5D7-4D6F-A1BD-22221798D815}.Release|Any CPU.Build.0 = Release|Any CPU
	EndGlobalSection
	GlobalSection(SolutionProperties) = preSolution
		HideSolutionNode = FALSE
	EndGlobalSection
	GlobalSection(ExtensibilityGlobals) = postSolution
		SolutionGuid = {8CF7D6F5-08B1-42D6-A1FF-FD15A3E39ED2}
	EndGlobalSection
EndGlobal
